<?xml version="1.0" encoding="utf-8"?>
<Project ToolsVersion="4.0" xmlns="http://schemas.microsoft.com/developer/msbuild/2003">
  <ItemGroup>
    <Filter Include="Исходные файлы">
      <UniqueIdentifier>{4FC737F1-C7A5-4376-A066-2A32D752A2FF}</UniqueIdentifier>
      <Extensions>cpp;c;cc;cxx;c++;cppm;ixx;def;odl;idl;hpj;bat;asm;asmx</Extensions>
    </Filter>
    <Filter Include="Файлы заголовков">
      <UniqueIdentifier>{93995380-89BD-4b04-88EB-625FBE52EBFB}</UniqueIdentifier>
      <Extensions>h;hh;hpp;hxx;h++;hm;inl;inc;ipp;xsd</Extensions>
    </Filter>
    <Filter Include="Файлы ресурсов">
      <UniqueIdentifier>{67DA6AB6-F800-4c08-8B7A-83BB121AAD01}</UniqueIdentifier>
      <Extensions>rc;ico;cur;bmp;dlg;rc2;rct;bin;rgs;gif;jpg;jpeg;jpe;resx;tiff;tif;png;wav;mfcribbon-ms</Extensions>
    </Filter>
    <Filter Include="Исходные файлы\MenuStates">
      <UniqueIdentifier>{61ba3c73-8a29-4472-a24a-be79043e7933}</UniqueIdentifier>
    </Filter>
    <Filter Include="Файлы заголовков\MenuStates">
      <UniqueIdentifier>{cbcc3965-9c1d-448e-9df7-5a709d748b27}</UniqueIdentifier>
    </Filter>
    <Filter Include="Исходные файлы\TilesetsMenuStates">
      <UniqueIdentifier>{334695e6-a7ad-404d-a554-3a82708c9473}</UniqueIdentifier>
    </Filter>
    <Filter Include="Файлы заголовков\TilesetsMenuStates">
      <UniqueIdentifier>{fe91068b-d602-4201-8435-5c7c87235c17}</UniqueIdentifier>
    </Filter>
    <Filter Include="Файлы заголовков\MapEditorStates">
      <UniqueIdentifier>{8b9011d9-5d0d-4dab-8993-3e014fc093d3}</UniqueIdentifier>
    </Filter>
    <Filter Include="Исходные файлы\MapEditorStates">
      <UniqueIdentifier>{de969685-c50b-4716-a44b-c45da5a14423}</UniqueIdentifier>
    </Filter>
    <Filter Include="Файлы заголовков\GameObjectsMenuState">
      <UniqueIdentifier>{54d5cd9c-2fe2-4ca4-814f-b63fc9ac2877}</UniqueIdentifier>
    </Filter>
    <Filter Include="Исходные файлы\GameObjectsMenuStates">
      <UniqueIdentifier>{2978276a-ee78-4719-b5ba-4696be547e31}</UniqueIdentifier>
    </Filter>
  </ItemGroup>
  <ItemGroup>
    <ClCompile Include="main.cpp">
      <Filter>Исходные файлы</Filter>
    </ClCompile>
    <ClCompile Include="Editor.cpp">
      <Filter>Исходные файлы</Filter>
    </ClCompile>
    <ClCompile Include="Application.cpp">
      <Filter>Исходные файлы</Filter>
    </ClCompile>
    <ClCompile Include="Tileset.cpp">
      <Filter>Исходные файлы</Filter>
    </ClCompile>
    <ClCompile Include="Camera.cpp">
      <Filter>Исходные файлы</Filter>
    </ClCompile>
    <ClCompile Include="TextureContainer.cpp">
      <Filter>Исходные файлы</Filter>
    </ClCompile>
    <ClCompile Include="TilesetsMenu.cpp">
      <Filter>Исходные файлы</Filter>
    </ClCompile>
    <ClCompile Include="Button.cpp">
      <Filter>Исходные файлы</Filter>
    </ClCompile>
    <ClCompile Include="Menu.cpp">
      <Filter>Исходные файлы</Filter>
    </ClCompile>
    <ClCompile Include="MenuState.cpp">
      <Filter>Исходные файлы\MenuStates</Filter>
    </ClCompile>
    <ClCompile Include="MenuMainState.cpp">
      <Filter>Исходные файлы\MenuStates</Filter>
    </ClCompile>
    <ClCompile Include="TilesetsMenuMainState.cpp">
      <Filter>Исходные файлы\TilesetsMenuStates</Filter>
    </ClCompile>
    <ClCompile Include="TilesetsMenuPaletteState.cpp">
      <Filter>Исходные файлы\TilesetsMenuStates</Filter>
    </ClCompile>
    <ClCompile Include="TilesetsMenuState.cpp">
      <Filter>Исходные файлы\TilesetsMenuStates</Filter>
    </ClCompile>
    <ClCompile Include="GameObject.cpp">
      <Filter>Исходные файлы</Filter>
    </ClCompile>
    <ClCompile Include="MapEditorState.cpp">
      <Filter>Исходные файлы\MapEditorStates</Filter>
    </ClCompile>
    <ClCompile Include="FirstLevelEditorState.cpp">
      <Filter>Исходные файлы\MapEditorStates</Filter>
    </ClCompile>
    <ClCompile Include="SecondLevelEditorState.cpp">
      <Filter>Исходные файлы\MapEditorStates</Filter>
    </ClCompile>
    <ClCompile Include="GameObjectsMenu.cpp">
      <Filter>Исходные файлы</Filter>
    </ClCompile>
    <ClCompile Include="GameObjectsMenuState.cpp">
      <Filter>Исходные файлы\GameObjectsMenuStates</Filter>
    </ClCompile>
    <ClCompile Include="GameObjectsMenuMainState.cpp">
      <Filter>Исходные файлы\GameObjectsMenuStates</Filter>
    </ClCompile>
    <ClCompile Include="GameObjectsMenuPaletteState.cpp">
      <Filter>Исходные файлы\GameObjectsMenuStates</Filter>
    </ClCompile>
  </ItemGroup>
  <ItemGroup>
    <ClInclude Include="Editor.h">
      <Filter>Файлы заголовков</Filter>
    </ClInclude>
    <ClInclude Include="Application.h">
      <Filter>Файлы заголовков</Filter>
    </ClInclude>
    <ClInclude Include="Tileset.h">
      <Filter>Файлы заголовков</Filter>
    </ClInclude>
    <ClInclude Include="Camera.h">
      <Filter>Файлы заголовков</Filter>
    </ClInclude>
    <ClInclude Include="TextureContainer.h">
      <Filter>Файлы заголовков</Filter>
    </ClInclude>
    <ClInclude Include="TilesetsMenu.h">
      <Filter>Файлы заголовков</Filter>
    </ClInclude>
    <ClInclude Include="Button.h">
      <Filter>Файлы заголовков</Filter>
    </ClInclude>
    <ClInclude Include="Menu.h">
      <Filter>Файлы заголовков</Filter>
    </ClInclude>
    <ClInclude Include="MenuState.h">
      <Filter>Файлы заголовков\MenuStates</Filter>
    </ClInclude>
    <ClInclude Include="MenuMainState.h">
      <Filter>Файлы заголовков\MenuStates</Filter>
    </ClInclude>
    <ClInclude Include="TilesetsMenuMainState.h">
      <Filter>Файлы заголовков\TilesetsMenuStates</Filter>
    </ClInclude>
    <ClInclude Include="TilesetsMenuPaletteState.h">
      <Filter>Файлы заголовков\TilesetsMenuStates</Filter>
    </ClInclude>
    <ClInclude Include="TilesetsMenuState.h">
      <Filter>Файлы заголовков\TilesetsMenuStates</Filter>
    </ClInclude>
    <ClInclude Include="GameObject.h">
      <Filter>Файлы заголовков</Filter>
    </ClInclude>
    <ClInclude Include="MapEditorState.h">
      <Filter>Файлы заголовков\MapEditorStates</Filter>
    </ClInclude>
    <ClInclude Include="FirstLevelEditorState.h">
      <Filter>Файлы заголовков\MapEditorStates</Filter>
    </ClInclude>
    <ClInclude Include="SecondLevelEditorState.h">
      <Filter>Файлы заголовков\MapEditorStates</Filter>
    </ClInclude>
    <ClInclude Include="GameObjectsMenu.h">
      <Filter>Файлы заголовков</Filter>
    </ClInclude>
    <ClInclude Include="GameObjectsMenuState.h">
      <Filter>Файлы заголовков\GameObjectsMenuState</Filter>
    </ClInclude>
    <ClInclude Include="GameObjectsMenuMainState.h">
      <Filter>Файлы заголовков\GameObjectsMenuState</Filter>
    </ClInclude>
    <ClInclude Include="GameObjectsMenuPaletteState.h">
      <Filter>Файлы заголовков\GameObjectsMenuState</Filter>
    </ClInclude>
  </ItemGroup>
</Project>